{
  "name": "tree-sitter-yanxu",
  "version": "1.1.20",
  "lockfileVersion": 3,
  "requires": true,
  "packages": {
    "": {
      "name": "tree-sitter-yanxu",
      "version": "1.1.20",
      "license": "MIT",
      "devDependencies": {
        "tree-sitter-cli": "0.26.11"
      }
    },
    "node_modules/tree-sitter-cli": {
      "version": "0.26.11",
      "resolved": "https://registry.npmmirror.com/tree-sitter-cli/-/tree-sitter-cli-0.26.11.tgz",
      "integrity": "sha512-/hRCA0Ehkgk6B5WTYSiENk1R2Zv3LJcfvL3wjofzx+EYaKySZDu0agGRQcccay9Lg7wxJWsDa9cTRS92wsM5gQ==",
      "dev": true,
      "hasInstallScript": true,
      "license": "MIT",
      "bin": {
        "tree-sitter": "cli.js"
      },
      "engines": {
        "node": ">=12.0.0"
      }
    }
  }
}
