lock_version = 2
manifest_checksum = "e55732f0ee4fe691871f4abfb7e337d6d273ff0801cc710848372a4a40dbb6c3"
target = "aarch64-apple-darwin"
generator = "1.1.5"

[root_dependencies]
"共享工具" = "共享工具@1.1.5#7f1d956fbd6e-886b5a3049976d59"

[root_dev_dependencies]

[[package]]
id = "共享工具@1.1.5#7f1d956fbd6e-886b5a3049976d59"
name = "共享工具"
version = "1.1.5"
source = "path:../共享工具"
checksum = "886b5a3049976d59e1523a8b15ad0edde904820cac731be13e2984faaf086869"
entry = "主.yx"
target = "aarch64-apple-darwin"
minimum_yanxu = ">=1.1.5"

[package.dependencies]

[package.exports]
"默认" = "主.yx"
