lock_version = 2
manifest_checksum = "162621a5cce85ff68af4368d0a9a23e44abc2e4f305ae8109dc9f0fae153bc6f"
target = "aarch64-apple-darwin"
generator = "1.1.6"

[root_dependencies]
"共享工具" = "共享工具@1.1.6#7f1d956fbd6e-5c1968ec02d602cc"

[root_dev_dependencies]

[[package]]
id = "共享工具@1.1.6#7f1d956fbd6e-5c1968ec02d602cc"
name = "共享工具"
version = "1.1.6"
source = "path:../共享工具"
checksum = "5c1968ec02d602cc93287b2b60097ae781ddaac5433abe952b40981d79d420b1"
entry = "主.yx"
target = "aarch64-apple-darwin"
minimum_yanxu = ">=1.1.6"

[package.dependencies]

[package.exports]
"默认" = "主.yx"
