lock_version = 2
manifest_checksum = "36f8b28e3732dce1fab1cf888f685f7418fc707ea7b42efc7c588f38e97effc2"
target = "aarch64-apple-darwin"
generator = "1.1.17"

[root_dependencies]
"言窗" = "yanxu-gui@1.0.0#10ca5099c1ca-3ba16c5d6fbeabe3"

[root_dev_dependencies]

[[package]]
id = "yanxu-gui@1.0.0#10ca5099c1ca-3ba16c5d6fbeabe3"
name = "yanxu-gui"
version = "1.0.0"
source = "path:../../../yanxu-gui"
checksum = "3ba16c5d6fbeabe385b5235619736c33630b8014802b2d7877b4c8af87fdabaa"
entry = "src/主.yx"
target = "aarch64-apple-darwin"
minimum_yanxu = ">=1.1.12"

[package.dependencies]

[package.exports]
"默认" = "src/主.yx"

[package.native]
abi = 2
target = "aarch64-apple-darwin"
path = "dist/aarch64-apple-darwin/libyanxu_gui_native.dylib"
checksum = "a598aadba866c2e603f370cf630b3c0c56fc23b6101e04e6451931738e9630f8"
size = 8517824
